# This file is generated by running "yarn install" inside your project.
# Manual changes might be lost - proceed with caution!

__metadata:
  version: 6

"test-whatwg-fetch-karma@workspace:.":
  version: 0.0.0-use.local
  resolution: "test-whatwg-fetch-karma@workspace:."
  languageName: unknown
  linkType: soft
